
Microsoft Visual Studio Solution File, Format Version 12.00
# Visual Studio Version 17
VisualStudioVersion = 17.13.35825.156
MinimumVisualStudioVersion = 10.0.40219.1
Project("{2150E333-8FDC-42A3-9474-1A3956D46DE8}") = "Services", "Services", "{02EA681E-C7D8-13C7-8484-4AC65E1B71E8}"
EndProject
Project("{2150E333-8FDC-42A3-9474-1A3956D46DE8}") = "Catalog", "Catalog", "{4FBB2243-9DA9-4BD5-8893-9F48092F0137}"
EndProject
Project("{FAE04EC0-301F-11D3-BF4B-00C04F79EFBC}") = "Catalog.API", "Services\Catalog\Catalog.API\Catalog.API.csproj", "{9892F5BC-5EB4-474F-9981-F0BB1256C56D}"
EndProject
Project("{2150E333-8FDC-42A3-9474-1A3956D46DE8}") = "BuildingBlocks", "BuildingBlocks", "{273351C5-CBDA-40EA-89C6-CF65A5F8B5E5}"
EndProject
Project("{FAE04EC0-301F-11D3-BF4B-00C04F79EFBC}") = "BuildingBlocks", "BuildingBlocks\BuildingBlocks\BuildingBlocks.csproj", "{E3C16778-0E2A-4AC4-A724-DF04B255C6B7}"
EndProject
Project("{E53339B2-1760-4266-BCC7-CA923CBCF16C}") = "docker-compose", "docker-compose.dcproj", "{81DDED9D-158B-E303-5F62-77A2896D2A5A}"
EndProject
Project("{2150E333-8FDC-42A3-9474-1A3956D46DE8}") = "Basket", "Basket", "{EF82BE97-D6CC-4FD9-BBEE-EE4261814A0D}"
EndProject
Project("{FAE04EC0-301F-11D3-BF4B-00C04F79EFBC}") = "Basket.API", "Services\Basket\Basket.API\Basket.API.csproj", "{A7CE1BEA-4195-760B-8C09-457FB57B8416}"
EndProject
Project("{2150E333-8FDC-42A3-9474-1A3956D46DE8}") = "Discount", "Discount", "{0C363D52-0441-433A-9DF5-BD7C56342234}"
EndProject
Project("{FAE04EC0-301F-11D3-BF4B-00C04F79EFBC}") = "Discount.Grpc", "Services\Discount\Discount.Grpc\Discount.Grpc.csproj", "{CE91A1A8-6942-4257-ABAD-736ACDD9B148}"
EndProject
Project("{2150E333-8FDC-42A3-9474-1A3956D46DE8}") = "LoadTests", "LoadTests", "{1BAC9D28-61D3-4B43-A5B7-A98FB2EA721D}"
EndProject
Project("{54A90642-561A-4BB1-A94E-469ADEE60C69}") = "K6LoadTests", "LoadTests\K6LoadTests\K6LoadTests.esproj", "{82BFDCF8-9EFF-744A-00F4-C72FE2CA854A}"
EndProject
Global
	GlobalSection(SolutionConfigurationPlatforms) = preSolution
		Debug|Any CPU = Debug|Any CPU
		Release|Any CPU = Release|Any CPU
	EndGlobalSection
	GlobalSection(ProjectConfigurationPlatforms) = postSolution
		{9892F5BC-5EB4-474F-9981-F0BB1256C56D}.Debug|Any CPU.ActiveCfg = Debug|Any CPU
		{9892F5BC-5EB4-474F-9981-F0BB1256C56D}.Debug|Any CPU.Build.0 = Debug|Any CPU
		{9892F5BC-5EB4-474F-9981-F0BB1256C56D}.Release|Any CPU.ActiveCfg = Release|Any CPU
		{9892F5BC-5EB4-474F-9981-F0BB1256C56D}.Release|Any CPU.Build.0 = Release|Any CPU
		{E3C16778-0E2A-4AC4-A724-DF04B255C6B7}.Debug|Any CPU.ActiveCfg = Debug|Any CPU
		{E3C16778-0E2A-4AC4-A724-DF04B255C6B7}.Debug|Any CPU.Build.0 = Debug|Any CPU
		{E3C16778-0E2A-4AC4-A724-DF04B255C6B7}.Release|Any CPU.ActiveCfg = Release|Any CPU
		{E3C16778-0E2A-4AC4-A724-DF04B255C6B7}.Release|Any CPU.Build.0 = Release|Any CPU
		{81DDED9D-158B-E303-5F62-77A2896D2A5A}.Debug|Any CPU.ActiveCfg = Debug|Any CPU
		{81DDED9D-158B-E303-5F62-77A2896D2A5A}.Debug|Any CPU.Build.0 = Debug|Any CPU
		{81DDED9D-158B-E303-5F62-77A2896D2A5A}.Release|Any CPU.ActiveCfg = Release|Any CPU
		{81DDED9D-158B-E303-5F62-77A2896D2A5A}.Release|Any CPU.Build.0 = Release|Any CPU
		{A7CE1BEA-4195-760B-8C09-457FB57B8416}.Debug|Any CPU.ActiveCfg = Debug|Any CPU
		{A7CE1BEA-4195-760B-8C09-457FB57B8416}.Debug|Any CPU.Build.0 = Debug|Any CPU
		{A7CE1BEA-4195-760B-8C09-457FB57B8416}.Release|Any CPU.ActiveCfg = Release|Any CPU
		{A7CE1BEA-4195-760B-8C09-457FB57B8416}.Release|Any CPU.Build.0 = Release|Any CPU
		{CE91A1A8-6942-4257-ABAD-736ACDD9B148}.Debug|Any CPU.ActiveCfg = Debug|Any CPU
		{CE91A1A8-6942-4257-ABAD-736ACDD9B148}.Debug|Any CPU.Build.0 = Debug|Any CPU
		{CE91A1A8-6942-4257-ABAD-736ACDD9B148}.Release|Any CPU.ActiveCfg = Release|Any CPU
		{CE91A1A8-6942-4257-ABAD-736ACDD9B148}.Release|Any CPU.Build.0 = Release|Any CPU
		{82BFDCF8-9EFF-744A-00F4-C72FE2CA854A}.Debug|Any CPU.ActiveCfg = Debug|Any CPU
		{82BFDCF8-9EFF-744A-00F4-C72FE2CA854A}.Debug|Any CPU.Build.0 = Debug|Any CPU
		{82BFDCF8-9EFF-744A-00F4-C72FE2CA854A}.Debug|Any CPU.Deploy.0 = Debug|Any CPU
		{82BFDCF8-9EFF-744A-00F4-C72FE2CA854A}.Release|Any CPU.ActiveCfg = Release|Any CPU
		{82BFDCF8-9EFF-744A-00F4-C72FE2CA854A}.Release|Any CPU.Build.0 = Release|Any CPU
		{82BFDCF8-9EFF-744A-00F4-C72FE2CA854A}.Release|Any CPU.Deploy.0 = Release|Any CPU
	EndGlobalSection
	GlobalSection(SolutionProperties) = preSolution
		HideSolutionNode = FALSE
	EndGlobalSection
	GlobalSection(NestedProjects) = preSolution
		{4FBB2243-9DA9-4BD5-8893-9F48092F0137} = {02EA681E-C7D8-13C7-8484-4AC65E1B71E8}
		{9892F5BC-5EB4-474F-9981-F0BB1256C56D} = {4FBB2243-9DA9-4BD5-8893-9F48092F0137}
		{E3C16778-0E2A-4AC4-A724-DF04B255C6B7} = {273351C5-CBDA-40EA-89C6-CF65A5F8B5E5}
		{EF82BE97-D6CC-4FD9-BBEE-EE4261814A0D} = {02EA681E-C7D8-13C7-8484-4AC65E1B71E8}
		{A7CE1BEA-4195-760B-8C09-457FB57B8416} = {EF82BE97-D6CC-4FD9-BBEE-EE4261814A0D}
		{0C363D52-0441-433A-9DF5-BD7C56342234} = {02EA681E-C7D8-13C7-8484-4AC65E1B71E8}
		{CE91A1A8-6942-4257-ABAD-736ACDD9B148} = {0C363D52-0441-433A-9DF5-BD7C56342234}
		{82BFDCF8-9EFF-744A-00F4-C72FE2CA854A} = {1BAC9D28-61D3-4B43-A5B7-A98FB2EA721D}
	EndGlobalSection
	GlobalSection(ExtensibilityGlobals) = postSolution
		SolutionGuid = {9D4A1ED2-801C-43DE-9859-20BF8E5459A1}
	EndGlobalSection
EndGlobal
